
Microsoft Visual Studio Solution File, Format Version 12.00
# Visual Studio 2013
VisualStudioVersion = 12.0.21005.1
MinimumVisualStudioVersion = 10.0.40219.1
Project("{FAE04EC0-301F-11D3-BF4B-00C04F79EFBC}") = "khachsan.common", "khachsan.common\khachsan.common.csproj", "{35E3A593-7874-498C-A9FF-D22C8038BDD5}"
EndProject
Project("{FAE04EC0-301F-11D3-BF4B-00C04F79EFBC}") = "khachsan1.model", "khachsan1.model\khachsan1.model.csproj", "{B33819E4-FB9F-4D40-B1A3-905103FAF6E0}"
EndProject
Project("{FAE04EC0-301F-11D3-BF4B-00C04F79EFBC}") = "khachsan1.data", "khachsan1.data\khachsan1.data.csproj", "{D2FB806B-F053-45BE-A52C-64CAC52ACD3B}"
EndProject
Project("{FAE04EC0-301F-11D3-BF4B-00C04F79EFBC}") = "khachsan1.service", "khachsan1.service\khachsan1.service.csproj", "{BA076C9A-AC22-4204-92B7-CE4DEC2416C2}"
EndProject
Project("{FAE04EC0-301F-11D3-BF4B-00C04F79EFBC}") = "khachsan.unittest", "khachsan.unittest\khachsan.unittest.csproj", "{9DE29033-35D1-46C5-A7DF-6F4561B94230}"
EndProject
Project("{FAE04EC0-301F-11D3-BF4B-00C04F79EFBC}") = "khachsan.net", "khachsan.net\khachsan.net.csproj", "{AC3B0615-EBB0-44D9-B359-2D50BADE7894}"
EndProject
Global
	GlobalSection(SolutionConfigurationPlatforms) = preSolution
		Debug|Any CPU = Debug|Any CPU
		Release|Any CPU = Release|Any CPU
	EndGlobalSection
	GlobalSection(ProjectConfigurationPlatforms) = postSolution
		{35E3A593-7874-498C-A9FF-D22C8038BDD5}.Debug|Any CPU.ActiveCfg = Debug|Any CPU
		{35E3A593-7874-498C-A9FF-D22C8038BDD5}.Debug|Any CPU.Build.0 = Debug|Any CPU
		{35E3A593-7874-498C-A9FF-D22C8038BDD5}.Release|Any CPU.ActiveCfg = Release|Any CPU
		{35E3A593-7874-498C-A9FF-D22C8038BDD5}.Release|Any CPU.Build.0 = Release|Any CPU
		{B33819E4-FB9F-4D40-B1A3-905103FAF6E0}.Debug|Any CPU.ActiveCfg = Debug|Any CPU
		{B33819E4-FB9F-4D40-B1A3-905103FAF6E0}.Debug|Any CPU.Build.0 = Debug|Any CPU
		{B33819E4-FB9F-4D40-B1A3-905103FAF6E0}.Release|Any CPU.ActiveCfg = Release|Any CPU
		{B33819E4-FB9F-4D40-B1A3-905103FAF6E0}.Release|Any CPU.Build.0 = Release|Any CPU
		{D2FB806B-F053-45BE-A52C-64CAC52ACD3B}.Debug|Any CPU.ActiveCfg = Debug|Any CPU
		{D2FB806B-F053-45BE-A52C-64CAC52ACD3B}.Debug|Any CPU.Build.0 = Debug|Any CPU
		{D2FB806B-F053-45BE-A52C-64CAC52ACD3B}.Release|Any CPU.ActiveCfg = Release|Any CPU
		{D2FB806B-F053-45BE-A52C-64CAC52ACD3B}.Release|Any CPU.Build.0 = Release|Any CPU
		{BA076C9A-AC22-4204-92B7-CE4DEC2416C2}.Debug|Any CPU.ActiveCfg = Debug|Any CPU
		{BA076C9A-AC22-4204-92B7-CE4DEC2416C2}.Debug|Any CPU.Build.0 = Debug|Any CPU
		{BA076C9A-AC22-4204-92B7-CE4DEC2416C2}.Release|Any CPU.ActiveCfg = Release|Any CPU
		{BA076C9A-AC22-4204-92B7-CE4DEC2416C2}.Release|Any CPU.Build.0 = Release|Any CPU
		{9DE29033-35D1-46C5-A7DF-6F4561B94230}.Debug|Any CPU.ActiveCfg = Debug|Any CPU
		{9DE29033-35D1-46C5-A7DF-6F4561B94230}.Debug|Any CPU.Build.0 = Debug|Any CPU
		{9DE29033-35D1-46C5-A7DF-6F4561B94230}.Release|Any CPU.ActiveCfg = Release|Any CPU
		{9DE29033-35D1-46C5-A7DF-6F4561B94230}.Release|Any CPU.Build.0 = Release|Any CPU
		{AC3B0615-EBB0-44D9-B359-2D50BADE7894}.Debug|Any CPU.ActiveCfg = Debug|Any CPU
		{AC3B0615-EBB0-44D9-B359-2D50BADE7894}.Debug|Any CPU.Build.0 = Debug|Any CPU
		{AC3B0615-EBB0-44D9-B359-2D50BADE7894}.Release|Any CPU.ActiveCfg = Release|Any CPU
		{AC3B0615-EBB0-44D9-B359-2D50BADE7894}.Release|Any CPU.Build.0 = Release|Any CPU
	EndGlobalSection
	GlobalSection(SolutionProperties) = preSolution
		HideSolutionNode = FALSE
	EndGlobalSection
EndGlobal
